# This file is automatically @generated by Cargo.
# It is not intended for manual editing.
version = 4

[[package]]
name = "qmaws-cli"
version = "0.0.0"
dependencies = [
 "qmaws-core",
 "qmaws-data",
 "qmaws-engine",
 "qmaws-gui",
 "qmaws-tui",
 "qmaws-viz",
]

[[package]]
name = "qmaws-core"
version = "0.0.0"

[[package]]
name = "qmaws-data"
version = "0.0.0"

[[package]]
name = "qmaws-engine"
version = "0.0.0"

[[package]]
name = "qmaws-gui"
version = "0.0.0"

[[package]]
name = "qmaws-tui"
version = "0.0.0"

[[package]]
name = "qmaws-viz"
version = "0.0.0"
